
Microsoft Visual Studio Solution File, Format Version 12.00
# Visual Studio Version 16
VisualStudioVersion = 16.0.31005.135
MinimumVisualStudioVersion = 10.0.40219.1
Project("{FAE04EC0-301F-11D3-BF4B-00C04F79EFBC}") = "AkkaWebTemplate", "AkkaWebTemplate\AkkaWebTemplate.csproj", "{C2AB5959-6BBD-4473-AFD0-0F337E858D0B}"
EndProject
Project("{FAE04EC0-301F-11D3-BF4B-00C04F79EFBC}") = "LogSender", "LogSender\LogSender.csproj", "{7C508D63-2F3B-489A-8831-4CEDF1CD24A2}"
EndProject
Project("{FAE04EC0-301F-11D3-BF4B-00C04F79EFBC}") = "AkkaSysBase", "AkkaSysBase\AkkaSysBase.csproj", "{2BA90CA4-DBA8-497A-922C-CE5BD29BA567}"
EndProject
Project("{FAE04EC0-301F-11D3-BF4B-00C04F79EFBC}") = "ExternalSys", "ExternalSys\ExternalSys.csproj", "{43652190-455A-4A54-A219-9F86AC5BB112}"
EndProject
Global
	GlobalSection(SolutionConfigurationPlatforms) = preSolution
		Debug|Any CPU = Debug|Any CPU
		Release|Any CPU = Release|Any CPU
	EndGlobalSection
	GlobalSection(ProjectConfigurationPlatforms) = postSolution
		{C2AB5959-6BBD-4473-AFD0-0F337E858D0B}.Debug|Any CPU.ActiveCfg = Debug|Any CPU
		{C2AB5959-6BBD-4473-AFD0-0F337E858D0B}.Debug|Any CPU.Build.0 = Debug|Any CPU
		{C2AB5959-6BBD-4473-AFD0-0F337E858D0B}.Release|Any CPU.ActiveCfg = Release|Any CPU
		{C2AB5959-6BBD-4473-AFD0-0F337E858D0B}.Release|Any CPU.Build.0 = Release|Any CPU
		{7C508D63-2F3B-489A-8831-4CEDF1CD24A2}.Debug|Any CPU.ActiveCfg = Debug|Any CPU
		{7C508D63-2F3B-489A-8831-4CEDF1CD24A2}.Debug|Any CPU.Build.0 = Debug|Any CPU
		{7C508D63-2F3B-489A-8831-4CEDF1CD24A2}.Release|Any CPU.ActiveCfg = Release|Any CPU
		{7C508D63-2F3B-489A-8831-4CEDF1CD24A2}.Release|Any CPU.Build.0 = Release|Any CPU
		{2BA90CA4-DBA8-497A-922C-CE5BD29BA567}.Debug|Any CPU.ActiveCfg = Debug|Any CPU
		{2BA90CA4-DBA8-497A-922C-CE5BD29BA567}.Debug|Any CPU.Build.0 = Debug|Any CPU
		{2BA90CA4-DBA8-497A-922C-CE5BD29BA567}.Release|Any CPU.ActiveCfg = Release|Any CPU
		{2BA90CA4-DBA8-497A-922C-CE5BD29BA567}.Release|Any CPU.Build.0 = Release|Any CPU
		{43652190-455A-4A54-A219-9F86AC5BB112}.Debug|Any CPU.ActiveCfg = Debug|Any CPU
		{43652190-455A-4A54-A219-9F86AC5BB112}.Debug|Any CPU.Build.0 = Debug|Any CPU
		{43652190-455A-4A54-A219-9F86AC5BB112}.Release|Any CPU.ActiveCfg = Release|Any CPU
		{43652190-455A-4A54-A219-9F86AC5BB112}.Release|Any CPU.Build.0 = Release|Any CPU
	EndGlobalSection
	GlobalSection(SolutionProperties) = preSolution
		HideSolutionNode = FALSE
	EndGlobalSection
	GlobalSection(ExtensibilityGlobals) = postSolution
		SolutionGuid = {08B5E775-5E34-4C44-B018-8209242F0676}
	EndGlobalSection
EndGlobal
